
Microsoft Visual Studio Solution File, Format Version 12.00
# Visual Studio 15
VisualStudioVersion = 15.0.27703.2000
MinimumVisualStudioVersion = 10.0.40219.1
Project("{9A19103F-16F7-4668-BE54-9A1E7A4F7556}") = "WebLibraryCore.BusinessLogic", "WebLibraryCore.BusinessLogic\WebLibraryCore.BusinessLogic.csproj", "{B25307BB-3D05-4F35-8A71-3B6837C29B57}"
EndProject
Project("{9A19103F-16F7-4668-BE54-9A1E7A4F7556}") = "WebLibraryCore.DataAccess", "WebLibraryCore.DataAccess\WebLibraryCore.DataAccess.csproj", "{2475BBFA-B9CC-4B4C-9987-B3A7CB037C32}"
EndProject
Project("{9A19103F-16F7-4668-BE54-9A1E7A4F7556}") = "WebLibraryCore.Entities", "WebLibraryCore.Entities\WebLibraryCore.Entities.csproj", "{5682558E-6296-4B79-A401-687F7636ABD9}"
EndProject
Project("{9A19103F-16F7-4668-BE54-9A1E7A4F7556}") = "WebLibraryCore.ViewModels", "ViewModels\WebLibraryCore.ViewModels.csproj", "{4333935E-A91E-4798-968F-5BFF6833AAA3}"
EndProject
Project("{9A19103F-16F7-4668-BE54-9A1E7A4F7556}") = "WEbLibraryCore.UIx", "WEbLibraryCore.UIx\WEbLibraryCore.UIx.csproj", "{FD0E52D9-5A10-410B-A874-4AD3A56A7815}"
EndProject
Global
	GlobalSection(SolutionConfigurationPlatforms) = preSolution
		Debug|Any CPU = Debug|Any CPU
		Release|Any CPU = Release|Any CPU
	EndGlobalSection
	GlobalSection(ProjectConfigurationPlatforms) = postSolution
		{B25307BB-3D05-4F35-8A71-3B6837C29B57}.Debug|Any CPU.ActiveCfg = Debug|Any CPU
		{B25307BB-3D05-4F35-8A71-3B6837C29B57}.Debug|Any CPU.Build.0 = Debug|Any CPU
		{B25307BB-3D05-4F35-8A71-3B6837C29B57}.Release|Any CPU.ActiveCfg = Release|Any CPU
		{B25307BB-3D05-4F35-8A71-3B6837C29B57}.Release|Any CPU.Build.0 = Release|Any CPU
		{2475BBFA-B9CC-4B4C-9987-B3A7CB037C32}.Debug|Any CPU.ActiveCfg = Debug|Any CPU
		{2475BBFA-B9CC-4B4C-9987-B3A7CB037C32}.Debug|Any CPU.Build.0 = Debug|Any CPU
		{2475BBFA-B9CC-4B4C-9987-B3A7CB037C32}.Release|Any CPU.ActiveCfg = Release|Any CPU
		{2475BBFA-B9CC-4B4C-9987-B3A7CB037C32}.Release|Any CPU.Build.0 = Release|Any CPU
		{5682558E-6296-4B79-A401-687F7636ABD9}.Debug|Any CPU.ActiveCfg = Debug|Any CPU
		{5682558E-6296-4B79-A401-687F7636ABD9}.Debug|Any CPU.Build.0 = Debug|Any CPU
		{5682558E-6296-4B79-A401-687F7636ABD9}.Release|Any CPU.ActiveCfg = Release|Any CPU
		{5682558E-6296-4B79-A401-687F7636ABD9}.Release|Any CPU.Build.0 = Release|Any CPU
		{4333935E-A91E-4798-968F-5BFF6833AAA3}.Debug|Any CPU.ActiveCfg = Debug|Any CPU
		{4333935E-A91E-4798-968F-5BFF6833AAA3}.Debug|Any CPU.Build.0 = Debug|Any CPU
		{4333935E-A91E-4798-968F-5BFF6833AAA3}.Release|Any CPU.ActiveCfg = Release|Any CPU
		{4333935E-A91E-4798-968F-5BFF6833AAA3}.Release|Any CPU.Build.0 = Release|Any CPU
		{FD0E52D9-5A10-410B-A874-4AD3A56A7815}.Debug|Any CPU.ActiveCfg = Debug|Any CPU
		{FD0E52D9-5A10-410B-A874-4AD3A56A7815}.Debug|Any CPU.Build.0 = Debug|Any CPU
		{FD0E52D9-5A10-410B-A874-4AD3A56A7815}.Release|Any CPU.ActiveCfg = Release|Any CPU
		{FD0E52D9-5A10-410B-A874-4AD3A56A7815}.Release|Any CPU.Build.0 = Release|Any CPU
	EndGlobalSection
	GlobalSection(SolutionProperties) = preSolution
		HideSolutionNode = FALSE
	EndGlobalSection
	GlobalSection(ExtensibilityGlobals) = postSolution
		SolutionGuid = {7A2C0E7A-0CB9-42BE-ADD9-AC548010A19B}
	EndGlobalSection
EndGlobal
